
Microsoft Visual Studio Solution File, Format Version 12.00
# Visual Studio Version 17
VisualStudioVersion = 17.0.32112.339
MinimumVisualStudioVersion = 10.0.40219.1
Project("{FAE04EC0-301F-11D3-BF4B-00C04F79EFBC}") = "AuthenticationAutherization", "AuthenticationAutherization\AuthenticationAutherization.csproj", "{737A77EF-8A0A-4405-BEBF-98030DB711B2}"
EndProject
Global
	GlobalSection(SolutionConfigurationPlatforms) = preSolution
		Debug|Any CPU = Debug|Any CPU
		Release|Any CPU = Release|Any CPU
	EndGlobalSection
	GlobalSection(ProjectConfigurationPlatforms) = postSolution
		{737A77EF-8A0A-4405-BEBF-98030DB711B2}.Debug|Any CPU.ActiveCfg = Debug|Any CPU
		{737A77EF-8A0A-4405-BEBF-98030DB711B2}.Debug|Any CPU.Build.0 = Debug|Any CPU
		{737A77EF-8A0A-4405-BEBF-98030DB711B2}.Release|Any CPU.ActiveCfg = Release|Any CPU
		{737A77EF-8A0A-4405-BEBF-98030DB711B2}.Release|Any CPU.Build.0 = Release|Any CPU
	EndGlobalSection
	GlobalSection(SolutionProperties) = preSolution
		HideSolutionNode = FALSE
	EndGlobalSection
	GlobalSection(ExtensibilityGlobals) = postSolution
		SolutionGuid = {F70C998C-B34B-4564-8F70-C2202D3D3E79}
	EndGlobalSection
EndGlobal
